// !$*UTF8*$!
{
	archiveVersion = 1;
	classes = {
	};
	objectVersion = 50;
	objects = {

/* Begin PBXBuildFile section */
		C8F8383325CFD853007D7E2A /* HlaskyApp.swift in Sources */ = {isa = PBXBuildFile; fileRef = C8F8383225CFD853007D7E2A /* HlaskyApp.swift */; };
		C8F8383525CFD853007D7E2A /* ContentView.swift in Sources */ = {isa = PBXBuildFile; fileRef = C8F8383425CFD853007D7E2A /* ContentView.swift */; };
		C8F8383725CFD855007D7E2A /* Assets.xcassets in Resources */ = {isa = PBXBuildFile; fileRef = C8F8383625CFD855007D7E2A /* Assets.xcassets */; };
		C8F8383A25CFD855007D7E2A /* Preview Assets.xcassets in Resources */ = {isa = PBXBuildFile; fileRef = C8F8383925CFD855007D7E2A /* Preview Assets.xcassets */; };
		C8F8384425CFD87C007D7E2A /* Hlasky.swift in Sources */ = {isa = PBXBuildFile; fileRef = C8F8384325CFD87C007D7E2A /* Hlasky.swift */; };
		C8F8384725CFE598007D7E2A /* Pismeno.swift in Sources */ = {isa = PBXBuildFile; fileRef = C8F8384625CFE598007D7E2A /* Pismeno.swift */; };
		C8F8384A25CFE774007D7E2A /* DataModel.swift in Sources */ = {isa = PBXBuildFile; fileRef = C8F8384925CFE774007D7E2A /* DataModel.swift */; };
/* End PBXBuildFile section */

/* Begin PBXFileReference section */
		C8F8382F25CFD853007D7E2A /* Hlasky.app */ = {isa = PBXFileReference; explicitFileType = wrapper.application; includeInIndex = 0; path = Hlasky.app; sourceTree = BUILT_PRODUCTS_DIR; };
		C8F8383225CFD853007D7E2A /* HlaskyApp.swift */ = {isa = PBXFileReference; lastKnownFileType = sourcecode.swift; path = HlaskyApp.swift; sourceTree = "<group>"; };
		C8F8383425CFD853007D7E2A /* ContentView.swift */ = {isa = PBXFileReference; lastKnownFileType = sourcecode.swift; path = ContentView.swift; sourceTree = "<group>"; };
		C8F8383625CFD855007D7E2A /* Assets.xcassets */ = {isa = PBXFileReference; lastKnownFileType = folder.assetcatalog; path = Assets.xcassets; sourceTree = "<group>"; };
		C8F8383925CFD855007D7E2A /* Preview Assets.xcassets */ = {isa = PBXFileReference; lastKnownFileType = folder.assetcatalog; path = "Preview Assets.xcassets"; sourceTree = "<group>"; };
		C8F8383B25CFD855007D7E2A /* Info.plist */ = {isa = PBXFileReference; lastKnownFileType = text.plist.xml; path = Info.plist; sourceTree = "<group>"; };
		C8F8384325CFD87C007D7E2A /* Hlasky.swift */ = {isa = PBXFileReference; lastKnownFileType = sourcecode.swift; path = Hlasky.swift; sourceTree = "<group>"; };
		C8F8384625CFE598007D7E2A /* Pismeno.swift */ = {isa = PBXFileReference; lastKnownFileType = sourcecode.swift; path = Pismeno.swift; sourceTree = "<group>"; };
		C8F8384925CFE774007D7E2A /* DataModel.swift */ = {isa = PBXFileReference; lastKnownFileType = sourcecode.swift; path = DataModel.swift; sourceTree = "<group>"; };
/* End PBXFileReference section */

/* Begin PBXFrameworksBuildPhase section */
		C8F8382C25CFD853007D7E2A /* Frameworks */ = {
			isa = PBXFrameworksBuildPhase;
			buildActionMask = 2147483647;
			files = (
			);
			runOnlyForDeploymentPostprocessing = 0;
		};
/* End PBXFrameworksBuildPhase section */

/* Begin PBXGroup section */
		C8F8382625CFD853007D7E2A = {
			isa = PBXGroup;
			children = (
				C8F8383125CFD853007D7E2A /* Hlasky */,
				C8F8383025CFD853007D7E2A /* Products */,
			);
			sourceTree = "<group>";
		};
		C8F8383025CFD853007D7E2A /* Products */ = {
			isa = PBXGroup;
			children = (
				C8F8382F25CFD853007D7E2A /* Hlasky.app */,
			);
			name = Products;
			sourceTree = "<group>";
		};
		C8F8383125CFD853007D7E2A /* Hlasky */ = {
			isa = PBXGroup;
			children = (
				C8F8384225CFD867007D7E2A /* model */,
				C8F8383225CFD853007D7E2A /* HlaskyApp.swift */,
				C8F8383425CFD853007D7E2A /* ContentView.swift */,
				C8F8383625CFD855007D7E2A /* Assets.xcassets */,
				C8F8383B25CFD855007D7E2A /* Info.plist */,
				C8F8383825CFD855007D7E2A /* Preview Content */,
			);
			path = Hlasky;
			sourceTree = "<group>";
		};
		C8F8383825CFD855007D7E2A /* Preview Content */ = {
			isa = PBXGroup;
			children = (
				C8F8383925CFD855007D7E2A /* Preview Assets.xcassets */,
			);
			path = "Preview Content";
			sourceTree = "<group>";
		};
		C8F8384225CFD867007D7E2A /* model */ = {
			isa = PBXGroup;
			children = (
				C8F8384925CFE774007D7E2A /* DataModel.swift */,
				C8F8384325CFD87C007D7E2A /* Hlasky.swift */,
				C8F8384625CFE598007D7E2A /* Pismeno.swift */,
			);
			path = model;
			sourceTree = "<group>";
		};
/* End PBXGroup section */

/* Begin PBXNativeTarget section */
		C8F8382E25CFD853007D7E2A /* Hlasky */ = {
			isa = PBXNativeTarget;
			buildConfigurationList = C8F8383E25CFD855007D7E2A /* Build configuration list for PBXNativeTarget "Hlasky" */;
			buildPhases = (
				C8F8382B25CFD853007D7E2A /* Sources */,
				C8F8382C25CFD853007D7E2A /* Frameworks */,
				C8F8382D25CFD853007D7E2A /* Resources */,
			);
			buildRules = (
			);
			dependencies = (
			);
			name = Hlasky;
			productName = Hlasky;
			productReference = C8F8382F25CFD853007D7E2A /* Hlasky.app */;
			productType = "com.apple.product-type.application";
		};
/* End PBXNativeTarget section */

/* Begin PBXProject section */
		C8F8382725CFD853007D7E2A /* Project object */ = {
			isa = PBXProject;
			attributes = {
				LastSwiftUpdateCheck = 1240;
				LastUpgradeCheck = 1240;
				TargetAttributes = {
					C8F8382E25CFD853007D7E2A = {
						CreatedOnToolsVersion = 12.4;
					};
				};
			};
			buildConfigurationList = C8F8382A25CFD853007D7E2A /* Build configuration list for PBXProject "Hlasky" */;
			compatibilityVersion = "Xcode 9.3";
			developmentRegion = en;
			hasScannedForEncodings = 0;
			knownRegions = (
				en,
				Base,
			);
			mainGroup = C8F8382625CFD853007D7E2A;
			productRefGroup = C8F8383025CFD853007D7E2A /* Products */;
			projectDirPath = "";
			projectRoot = "";
			targets = (
				C8F8382E25CFD853007D7E2A /* Hlasky */,
			);
		};
/* End PBXProject section */

/* Begin PBXResourcesBuildPhase section */
		C8F8382D25CFD853007D7E2A /* Resources */ = {
			isa = PBXResourcesBuildPhase;
			buildActionMask = 2147483647;
			files = (
				C8F8383A25CFD855007D7E2A /* Preview Assets.xcassets in Resources */,
				C8F8383725CFD855007D7E2A /* Assets.xcassets in Resources */,
			);
			runOnlyForDeploymentPostprocessing = 0;
		};
/* End PBXResourcesBuildPhase section */

/* Begin PBXSourcesBuildPhase section */
		C8F8382B25CFD853007D7E2A /* Sources */ = {
			isa = PBXSourcesBuildPhase;
			buildActionMask = 2147483647;
			files = (
				C8F8384A25CFE774007D7E2A /* DataModel.swift in Sources */,
				C8F8383525CFD853007D7E2A /* ContentView.swift in Sources */,
				C8F8384425CFD87C007D7E2A /* Hlasky.swift in Sources */,
				C8F8383325CFD853007D7E2A /* HlaskyApp.swift in Sources */,
				C8F8384725CFE598007D7E2A /* Pismeno.swift in Sources */,
			);
			runOnlyForDeploymentPostprocessing = 0;
		};
/* End PBXSourcesBuildPhase section */

/* Begin XCBuildConfiguration section */
		C8F8383C25CFD855007D7E2A /* Debug */ = {
			isa = XCBuildConfiguration;
			buildSettings = {
				ALWAYS_SEARCH_USER_PATHS = NO;
				CLANG_ANALYZER_NONNULL = YES;
				CLANG_ANALYZER_NUMBER_OBJECT_CONVERSION = YES_AGGRESSIVE;
				CLANG_CXX_LANGUAGE_STANDARD = "gnu++14";
				CLANG_CXX_LIBRARY = "libc++";
				CLANG_ENABLE_MODULES = YES;
				CLANG_ENABLE_OBJC_ARC = YES;
				CLANG_ENABLE_OBJC_WEAK = YES;
				CLANG_WARN_BLOCK_CAPTURE_AUTORELEASING = YES;
				CLANG_WARN_BOOL_CONVERSION = YES;
				CLANG_WARN_COMMA = YES;
				CLANG_WARN_CONSTANT_CONVERSION = YES;
				CLANG_WARN_DEPRECATED_OBJC_IMPLEMENTATIONS = YES;
				CLANG_WARN_DIRECT_OBJC_ISA_USAGE = YES_ERROR;
				CLANG_WARN_DOCUMENTATION_COMMENTS = YES;
				CLANG_WARN_EMPTY_BODY = YES;
				CLANG_WARN_ENUM_CONVERSION = YES;
				CLANG_WARN_INFINITE_RECURSION = YES;
				CLANG_WARN_INT_CONVERSION = YES;
				CLANG_WARN_NON_LITERAL_NULL_CONVERSION = YES;
				CLANG_WARN_OBJC_IMPLICIT_RETAIN_SELF = YES;
				CLANG_WARN_OBJC_LITERAL_CONVERSION = YES;
				CLANG_WARN_OBJC_ROOT_CLASS = YES_ERROR;
				CLANG_WARN_QUOTED_INCLUDE_IN_FRAMEWORK_HEADER = YES;
				CLANG_WARN_RANGE_LOOP_ANALYSIS = YES;
				CLANG_WARN_STRICT_PROTOTYPES = YES;
				CLANG_WARN_SUSPICIOUS_MOVE = YES;
				CLANG_WARN_UNGUARDED_AVAILABILITY = YES_AGGRESSIVE;
				CLANG_WARN_UNREACHABLE_CODE = YES;
				CLANG_WARN__DUPLICATE_METHOD_MATCH = YES;
				COPY_PHASE_STRIP = NO;
				DEBUG_INFORMATION_FORMAT = dwarf;
				ENABLE_STRICT_OBJC_MSGSEND = YES;
				ENABLE_TESTABILITY = YES;
				GCC_C_LANGUAGE_STANDARD = gnu11;
				GCC_DYNAMIC_NO_PIC = NO;
				GCC_NO_COMMON_BLOCKS = YES;
				GCC_OPTIMIZATION_LEVEL = 0;
				GCC_PREPROCESSOR_DEFINITIONS = (
					"DEBUG=1",
					"$(inherited)",
				);
				GCC_WARN_64_TO_32_BIT_CONVERSION = YES;
				GCC_WARN_ABOUT_RETURN_TYPE = YES_ERROR;
				GCC_WARN_UNDECLARED_SELECTOR = YES;
				GCC_WARN_UNINITIALIZED_AUTOS = YES_AGGRESSIVE;
				GCC_WARN_UNUSED_FUNCTION = YES;
				GCC_WARN_UNUSED_VARIABLE = YES;
				IPHONEOS_DEPLOYMENT_TARGET = 14.4;
				MTL_ENABLE_DEBUG_INFO = INCLUDE_SOURCE;
				MTL_FAST_MATH = YES;
				ONLY_ACTIVE_ARCH = YES;
				SDKROOT = iphoneos;
				SWIFT_ACTIVE_COMPILATION_CONDITIONS = DEBUG;
				SWIFT_OPTIMIZATION_LEVEL = "-Onone";
			};
			name = Debug;
		};
		C8F8383D25CFD855007D7E2A /* Release */ = {
			isa = XCBuildConfiguration;
			buildSettings = {
				ALWAYS_SEARCH_USER_PATHS = NO;
				CLANG_ANALYZER_NONNULL = YES;
				CLANG_ANALYZER_NUMBER_OBJECT_CONVERSION = YES_AGGRESSIVE;
				CLANG_CXX_LANGUAGE_STANDARD = "gnu++14";
				CLANG_CXX_LIBRARY = "libc++";
				CLANG_ENABLE_MODULES = YES;
				CLANG_ENABLE_OBJC_ARC = YES;
				CLANG_ENABLE_OBJC_WEAK = YES;
				CLANG_WARN_BLOCK_CAPTURE_AUTORELEASING = YES;
				CLANG_WARN_BOOL_CONVERSION = YES;
				CLANG_WARN_COMMA = YES;
				CLANG_WARN_CONSTANT_CONVERSION = YES;
				CLANG_WARN_DEPRECATED_OBJC_IMPLEMENTATIONS = YES;
				CLANG_WARN_DIRECT_OBJC_ISA_USAGE = YES_ERROR;
				CLANG_WARN_DOCUMENTATION_COMMENTS = YES;
				CLANG_WARN_EMPTY_BODY = YES;
				CLANG_WARN_ENUM_CONVERSION = YES;
				CLANG_WARN_INFINITE_RECURSION = YES;
				CLANG_WARN_INT_CONVERSION = YES;
				CLANG_WARN_NON_LITERAL_NULL_CONVERSION = YES;
				CLANG_WARN_OBJC_IMPLICIT_RETAIN_SELF = YES;
				CLANG_WARN_OBJC_LITERAL_CONVERSION = YES;
				CLANG_WARN_OBJC_ROOT_CLASS = YES_ERROR;
				CLANG_WARN_QUOTED_INCLUDE_IN_FRAMEWORK_HEADER = YES;
				CLANG_WARN_RANGE_LOOP_ANALYSIS = YES;
				CLANG_WARN_STRICT_PROTOTYPES = YES;
				CLANG_WARN_SUSPICIOUS_MOVE = YES;
				CLANG_WARN_UNGUARDED_AVAILABILITY = YES_AGGRESSIVE;
				CLANG_WARN_UNREACHABLE_CODE = YES;
				CLANG_WARN__DUPLICATE_METHOD_MATCH = YES;
				COPY_PHASE_STRIP = NO;
				DEBUG_INFORMATION_FORMAT = "dwarf-with-dsym";
				ENABLE_NS_ASSERTIONS = NO;
				ENABLE_STRICT_OBJC_MSGSEND = YES;
				GCC_C_LANGUAGE_STANDARD = gnu11;
				GCC_NO_COMMON_BLOCKS = YES;
				GCC_WARN_64_TO_32_BIT_CONVERSION = YES;
				GCC_WARN_ABOUT_RETURN_TYPE = YES_ERROR;
				GCC_WARN_UNDECLARED_SELECTOR = YES;
				GCC_WARN_UNINITIALIZED_AUTOS = YES_AGGRESSIVE;
				GCC_WARN_UNUSED_FUNCTION = YES;
				GCC_WARN_UNUSED_VARIABLE = YES;
				IPHONEOS_DEPLOYMENT_TARGET = 14.4;
				MTL_ENABLE_DEBUG_INFO = NO;
				MTL_FAST_MATH = YES;
				SDKROOT = iphoneos;
				SWIFT_COMPILATION_MODE = wholemodule;
				SWIFT_OPTIMIZATION_LEVEL = "-O";
				VALIDATE_PRODUCT = YES;
			};
			name = Release;
		};
		C8F8383F25CFD855007D7E2A /* Debug */ = {
			isa = XCBuildConfiguration;
			buildSettings = {
				ASSETCATALOG_COMPILER_APPICON_NAME = AppIcon;
				ASSETCATALOG_COMPILER_GLOBAL_ACCENT_COLOR_NAME = AccentColor;
				CODE_SIGN_STYLE = Automatic;
				DEVELOPMENT_ASSET_PATHS = "\"Hlasky/Preview Content\"";
				DEVELOPMENT_TEAM = 25LLWYEFT9;
				ENABLE_PREVIEWS = YES;
				INFOPLIST_FILE = Hlasky/Info.plist;
				IPHONEOS_DEPLOYMENT_TARGET = 14.0;
				LD_RUNPATH_SEARCH_PATHS = (
					"$(inherited)",
					"@executable_path/Frameworks",
				);
				PRODUCT_BUNDLE_IDENTIFIER = sk.bcraft.Hlasky;
				PRODUCT_NAME = "$(TARGET_NAME)";
				SWIFT_VERSION = 5.0;
				TARGETED_DEVICE_FAMILY = "1,2";
			};
			name = Debug;
		};
		C8F8384025CFD855007D7E2A /* Release */ = {
			isa = XCBuildConfiguration;
			buildSettings = {
				ASSETCATALOG_COMPILER_APPICON_NAME = AppIcon;
				ASSETCATALOG_COMPILER_GLOBAL_ACCENT_COLOR_NAME = AccentColor;
				CODE_SIGN_STYLE = Automatic;
				DEVELOPMENT_ASSET_PATHS = "\"Hlasky/Preview Content\"";
				DEVELOPMENT_TEAM = 25LLWYEFT9;
				ENABLE_PREVIEWS = YES;
				INFOPLIST_FILE = Hlasky/Info.plist;
				IPHONEOS_DEPLOYMENT_TARGET = 14.0;
				LD_RUNPATH_SEARCH_PATHS = (
					"$(inherited)",
					"@executable_path/Frameworks",
				);
				PRODUCT_BUNDLE_IDENTIFIER = sk.bcraft.Hlasky;
				PRODUCT_NAME = "$(TARGET_NAME)";
				SWIFT_VERSION = 5.0;
				TARGETED_DEVICE_FAMILY = "1,2";
			};
			name = Release;
		};
/* End XCBuildConfiguration section */

/* Begin XCConfigurationList section */
		C8F8382A25CFD853007D7E2A /* Build configuration list for PBXProject "Hlasky" */ = {
			isa = XCConfigurationList;
			buildConfigurations = (
				C8F8383C25CFD855007D7E2A /* Debug */,
				C8F8383D25CFD855007D7E2A /* Release */,
			);
			defaultConfigurationIsVisible = 0;
			defaultConfigurationName = Release;
		};
		C8F8383E25CFD855007D7E2A /* Build configuration list for PBXNativeTarget "Hlasky" */ = {
			isa = XCConfigurationList;
			buildConfigurations = (
				C8F8383F25CFD855007D7E2A /* Debug */,
				C8F8384025CFD855007D7E2A /* Release */,
			);
			defaultConfigurationIsVisible = 0;
			defaultConfigurationName = Release;
		};
/* End XCConfigurationList section */
	};
	rootObject = C8F8382725CFD853007D7E2A /* Project object */;
}
